
Microsoft Visual Studio Solution File, Format Version 12.00
# Visual Studio Version 17
VisualStudioVersion = 17.4.33205.214
MinimumVisualStudioVersion = 10.0.40219.1
Project("{FAE04EC0-301F-11D3-BF4B-00C04F79EFBC}") = "Logical Programs", "Logical Programs.csproj", "{6E8E5E48-6D96-4993-A6A8-6461A1F9A3CF}"
EndProject
Global
	GlobalSection(SolutionConfigurationPlatforms) = preSolution
		Debug|Any CPU = Debug|Any CPU
		Release|Any CPU = Release|Any CPU
	EndGlobalSection
	GlobalSection(ProjectConfigurationPlatforms) = postSolution
		{6E8E5E48-6D96-4993-A6A8-6461A1F9A3CF}.Debug|Any CPU.ActiveCfg = Debug|Any CPU
		{6E8E5E48-6D96-4993-A6A8-6461A1F9A3CF}.Debug|Any CPU.Build.0 = Debug|Any CPU
		{6E8E5E48-6D96-4993-A6A8-6461A1F9A3CF}.Release|Any CPU.ActiveCfg = Release|Any CPU
		{6E8E5E48-6D96-4993-A6A8-6461A1F9A3CF}.Release|Any CPU.Build.0 = Release|Any CPU
	EndGlobalSection
	GlobalSection(SolutionProperties) = preSolution
		HideSolutionNode = FALSE
	EndGlobalSection
	GlobalSection(ExtensibilityGlobals) = postSolution
		SolutionGuid = {3D4F7D09-13A8-4F23-8A52-A69586AAE271}
	EndGlobalSection
EndGlobal
